
Microsoft Visual Studio Solution File, Format Version 12.00
# Visual Studio 14
VisualStudioVersion = 14.0.25420.1
MinimumVisualStudioVersion = 10.0.40219.1
Project("{FAE04EC0-301F-11D3-BF4B-00C04F79EFBC}") = "ShoppingCart", "ShoppingCart\ShoppingCart.csproj", "{82683A01-F288-4677-95D3-940C4CF75896}"
EndProject
Project("{FAE04EC0-301F-11D3-BF4B-00C04F79EFBC}") = "CartCouponLibrary", "CartCouponLibrary\CartCouponLibrary.csproj", "{655DB4C7-18AE-4214-88F9-04521398C3B7}"
EndProject
Project("{FAE04EC0-301F-11D3-BF4B-00C04F79EFBC}") = "TestShoppingCart", "TestShoppingCart\TestShoppingCart.csproj", "{F518F9CF-E111-4F56-9F8D-A8A58C0DFC23}"
EndProject
Global
	GlobalSection(SolutionConfigurationPlatforms) = preSolution
		Debug|Any CPU = Debug|Any CPU
		Release|Any CPU = Release|Any CPU
	EndGlobalSection
	GlobalSection(ProjectConfigurationPlatforms) = postSolution
		{82683A01-F288-4677-95D3-940C4CF75896}.Debug|Any CPU.ActiveCfg = Debug|Any CPU
		{82683A01-F288-4677-95D3-940C4CF75896}.Debug|Any CPU.Build.0 = Debug|Any CPU
		{82683A01-F288-4677-95D3-940C4CF75896}.Release|Any CPU.ActiveCfg = Release|Any CPU
		{82683A01-F288-4677-95D3-940C4CF75896}.Release|Any CPU.Build.0 = Release|Any CPU
		{655DB4C7-18AE-4214-88F9-04521398C3B7}.Debug|Any CPU.ActiveCfg = Debug|Any CPU
		{655DB4C7-18AE-4214-88F9-04521398C3B7}.Debug|Any CPU.Build.0 = Debug|Any CPU
		{655DB4C7-18AE-4214-88F9-04521398C3B7}.Release|Any CPU.ActiveCfg = Release|Any CPU
		{655DB4C7-18AE-4214-88F9-04521398C3B7}.Release|Any CPU.Build.0 = Release|Any CPU
		{F518F9CF-E111-4F56-9F8D-A8A58C0DFC23}.Debug|Any CPU.ActiveCfg = Debug|Any CPU
		{F518F9CF-E111-4F56-9F8D-A8A58C0DFC23}.Debug|Any CPU.Build.0 = Debug|Any CPU
		{F518F9CF-E111-4F56-9F8D-A8A58C0DFC23}.Release|Any CPU.ActiveCfg = Release|Any CPU
		{F518F9CF-E111-4F56-9F8D-A8A58C0DFC23}.Release|Any CPU.Build.0 = Release|Any CPU
	EndGlobalSection
	GlobalSection(SolutionProperties) = preSolution
		HideSolutionNode = FALSE
	EndGlobalSection
EndGlobal
